# This file is autogenerated, do not edit; changes may be undone by the next 'dep ensure'.


[[projects]]
  branch = "json"
  name = "github.com/kayac/go-config"
  packages = ["."]
  revision = "350764ec60ee2f9f7262587e7525e858ce53fd71"

[[projects]]
  name = "github.com/pkg/errors"
  packages = ["."]
  revision = "645ef00459ed84a119197bfb8d8205042c6df63d"
  version = "v0.8.0"

[[projects]]
  branch = "v2"
  name = "gopkg.in/yaml.v2"
  packages = ["."]
  revision = "eb3733d160e74a9c7e442f435eb3bea458e1d19f"

[solve-meta]
  analyzer-name = "dep"
  analyzer-version = 1
  inputs-digest = "4e1e6fce25ff5768b8e028dff6e51a350a69d4766d5525922b8a9f801a8bcecc"
  solver-name = "gps-cdcl"
  solver-version = 1
