{
  "version": 4,
  "terraform_version": "0.12.23",
  "serial": 1,
  "lineage": "054d7292-3d84-0584-4590-24d6f3b17399",
  "outputs": {},
  "resources": [
    {
      "mode": "managed",
      "type": "aws_s3_bucket",
      "name": "main",
      "provider": "provider.aws",
      "instances": [
        {
          "schema_version": 0,
          "attributes": {
            "acceleration_status": "",
            "acl": "private",
            "arn": "arn:aws:s3:::example",
            "bucket": "example",
            "bucket_domain_name": "example.s3.amazonaws.com",
            "bucket_prefix": null,
            "bucket_regional_domain_name": "example.s3.us-east-1.amazonaws.com",
            "cors_rule": [],
            "force_destroy": false,
            "grant": [],
            "hosted_zone_id": "00000000000000",
            "id": "example",
            "lifecycle_rule": [],
            "logging": [],
            "object_lock_configuration": [
              {
                "object_lock_enabled": "Disabled",
                "rule": []
              }
            ],
            "policy": null,
            "region": "us-east-1",
            "replication_configuration": [],
            "request_payer": "BucketOwner",
            "server_side_encryption_configuration": [],
            "tags": null,
            "tags_all": {},
            "versioning": [
              {
                "enabled": false,
                "mfa_delete": false
              }
            ],
            "website": [],
            "website_domain": null,
            "website_endpoint": null
          },
          "sensitive_attributes": [],
          "private": "000000=="
        }
      ]
    }
  ]
}
