{
    "version": 1,
    "terraform_version": "0.12.23",
    "serial": 1,
    "lineage": "054d7292-3d84-0584-4590-24d6f3b17399",
    "outputs": {},
    "resources": [
        {
            "mode": "managed",
            "type": "aws_ecr_repository",
            "name": "all",
            "each": "map",
            "provider": "provider.aws",
            "instances": [
                {
                    "index_key": "app",
                    "schema_version": 0,
                    "attributes": {
                        "arn": "arn:aws:ecr:ap-northeast-1:123456789012:repository/app",
                        "id": "app",
                        "image_scanning_configuration": [
                            {
                                "scan_on_push": true
                            }
                        ],
                        "image_tag_mutability": "MUTABLE",
                        "name": "app",
                        "registry_id": "123456789012",
                        "repository_url": "123456789012.dkr.ecr.ap-northeast-1.amazonaws.com/app",
                        "tags": {},
                        "timeouts": {
                            "delete": null
                        }
                    }
                }
            ]
        },
        {
            "mode": "managed",
            "type": "aws_subnet",
            "name": "private-a",
            "provider": "provider.aws",
            "instances": [
                {
                    "schema_version": 1,
                    "attributes": {
                        "arn": "arn:aws:ec2:ap-northeast-1:123456789012:subnet/subnet-07ac54af5e41a4fc4",
                        "assign_ipv6_address_on_creation": false,
                        "availability_zone": "ap-northeast-1a",
                        "availability_zone_id": "apne1-az2",
                        "cidr_block": "10.0.0.0/24",
                        "id": "subnet-07ac54af5e41a4fc4",
                        "ipv6_cidr_block": "",
                        "ipv6_cidr_block_association_id": "",
                        "map_public_ip_on_launch": false,
                        "owner_id": "123456789012",
                        "tags": {
                            "Name": "private-a"
                        },
                        "timeouts": null,
                        "vpc_id": "vpc-0123456789012"
                    },
                    "dependencies": [
                        "aws_vpc.main"
                    ]
                }
            ]
        },
        {
            "mode": "data",
            "type": "aws_security_group",
            "name": "default",
            "provider": "provider.aws",
            "instances": [
                {
                    "schema_version": 0,
                    "attributes": {
                        "arn": "arn:aws:ec2:ap-northeast-1:123456789012:security-group/sg-12345678",
                        "description": "default security group",
                        "filter": null,
                        "id": "sg-12345678",
                        "name": "default",
                        "tags": {
                            "Name": "default"
                        },
                        "vpc_id": "vpc-12345678"
                    }
                }
            ]
        }
    ]
}
